// !$*UTF8*$!
{
	archiveVersion = 1;
	classes = {
	};
	objectVersion = 46;
	objects = {

/* Begin PBXBuildFile section */
		6F38F65818F43BFE002E05F7 /* Foundation.framework in Frameworks */ = {isa = PBXBuildFile; fileRef = 6F38F65718F43BFE002E05F7 /* Foundation.framework */; };
		6F38F65A18F43BFE002E05F7 /* CoreGraphics.framework in Frameworks */ = {isa = PBXBuildFile; fileRef = 6F38F65918F43BFE002E05F7 /* CoreGraphics.framework */; };
		6F38F65C18F43BFE002E05F7 /* UIKit.framework in Frameworks */ = {isa = PBXBuildFile; fileRef = 6F38F65B18F43BFE002E05F7 /* UIKit.framework */; };
		6F38F66218F43BFE002E05F7 /* InfoPlist.strings in Resources */ = {isa = PBXBuildFile; fileRef = 6F38F66018F43BFE002E05F7 /* InfoPlist.strings */; };
		6F38F66418F43BFE002E05F7 /* main.m in Sources */ = {isa = PBXBuildFile; fileRef = 6F38F66318F43BFE002E05F7 /* main.m */; };
		6F38F66818F43BFE002E05F7 /* CCAppDelegate.m in Sources */ = {isa = PBXBuildFile; fileRef = 6F38F66718F43BFE002E05F7 /* CCAppDelegate.m */; };
		6F38F66B18F43BFE002E05F7 /* Main.storyboard in Resources */ = {isa = PBXBuildFile; fileRef = 6F38F66918F43BFE002E05F7 /* Main.storyboard */; };
		6F38F66E18F43BFE002E05F7 /* CCViewController.m in Sources */ = {isa = PBXBuildFile; fileRef = 6F38F66D18F43BFE002E05F7 /* CCViewController.m */; };
		6F38F67018F43BFE002E05F7 /* Images.xcassets in Resources */ = {isa = PBXBuildFile; fileRef = 6F38F66F18F43BFE002E05F7 /* Images.xcassets */; };
		6F38F67718F43BFE002E05F7 /* XCTest.framework in Frameworks */ = {isa = PBXBuildFile; fileRef = 6F38F67618F43BFE002E05F7 /* XCTest.framework */; };
		6F38F67818F43BFE002E05F7 /* Foundation.framework in Frameworks */ = {isa = PBXBuildFile; fileRef = 6F38F65718F43BFE002E05F7 /* Foundation.framework */; };
		6F38F67918F43BFE002E05F7 /* UIKit.framework in Frameworks */ = {isa = PBXBuildFile; fileRef = 6F38F65B18F43BFE002E05F7 /* UIKit.framework */; };
		6F38F68118F43BFE002E05F7 /* InfoPlist.strings in Resources */ = {isa = PBXBuildFile; fileRef = 6F38F67F18F43BFE002E05F7 /* InfoPlist.strings */; };
		6F38F68318F43BFE002E05F7 /* UITableViewController_Challenge_SolutionTests.m in Sources */ = {isa = PBXBuildFile; fileRef = 6F38F68218F43BFE002E05F7 /* UITableViewController_Challenge_SolutionTests.m */; };
/* End PBXBuildFile section */

/* Begin PBXContainerItemProxy section */
		6F38F67A18F43BFE002E05F7 /* PBXContainerItemProxy */ = {
			isa = PBXContainerItemProxy;
			containerPortal = 6F38F64C18F43BFE002E05F7 /* Project object */;
			proxyType = 1;
			remoteGlobalIDString = 6F38F65318F43BFE002E05F7;
			remoteInfo = "UITableViewController Challenge Solution";
		};
/* End PBXContainerItemProxy section */

/* Begin PBXFileReference section */
		6F38F65418F43BFE002E05F7 /* UITableViewController Challenge Solution.app */ = {isa = PBXFileReference; explicitFileType = wrapper.application; includeInIndex = 0; path = "UITableViewController Challenge Solution.app"; sourceTree = BUILT_PRODUCTS_DIR; };
		6F38F65718F43BFE002E05F7 /* Foundation.framework */ = {isa = PBXFileReference; lastKnownFileType = wrapper.framework; name = Foundation.framework; path = System/Library/Frameworks/Foundation.framework; sourceTree = SDKROOT; };
		6F38F65918F43BFE002E05F7 /* CoreGraphics.framework */ = {isa = PBXFileReference; lastKnownFileType = wrapper.framework; name = CoreGraphics.framework; path = System/Library/Frameworks/CoreGraphics.framework; sourceTree = SDKROOT; };
		6F38F65B18F43BFE002E05F7 /* UIKit.framework */ = {isa = PBXFileReference; lastKnownFileType = wrapper.framework; name = UIKit.framework; path = System/Library/Frameworks/UIKit.framework; sourceTree = SDKROOT; };
		6F38F65F18F43BFE002E05F7 /* UITableViewController Challenge Solution-Info.plist */ = {isa = PBXFileReference; lastKnownFileType = text.plist.xml; path = "UITableViewController Challenge Solution-Info.plist"; sourceTree = "<group>"; };
		6F38F66118F43BFE002E05F7 /* en */ = {isa = PBXFileReference; lastKnownFileType = text.plist.strings; name = en; path = en.lproj/InfoPlist.strings; sourceTree = "<group>"; };
		6F38F66318F43BFE002E05F7 /* main.m */ = {isa = PBXFileReference; lastKnownFileType = sourcecode.c.objc; path = main.m; sourceTree = "<group>"; };
		6F38F66518F43BFE002E05F7 /* UITableViewController Challenge Solution-Prefix.pch */ = {isa = PBXFileReference; lastKnownFileType = sourcecode.c.h; path = "UITableViewController Challenge Solution-Prefix.pch"; sourceTree = "<group>"; };
		6F38F66618F43BFE002E05F7 /* CCAppDelegate.h */ = {isa = PBXFileReference; lastKnownFileType = sourcecode.c.h; path = CCAppDelegate.h; sourceTree = "<group>"; };
		6F38F66718F43BFE002E05F7 /* CCAppDelegate.m */ = {isa = PBXFileReference; lastKnownFileType = sourcecode.c.objc; path = CCAppDelegate.m; sourceTree = "<group>"; };
		6F38F66A18F43BFE002E05F7 /* Base */ = {isa = PBXFileReference; lastKnownFileType = file.storyboard; name = Base; path = Base.lproj/Main.storyboard; sourceTree = "<group>"; };
		6F38F66C18F43BFE002E05F7 /* CCViewController.h */ = {isa = PBXFileReference; lastKnownFileType = sourcecode.c.h; path = CCViewController.h; sourceTree = "<group>"; };
		6F38F66D18F43BFE002E05F7 /* CCViewController.m */ = {isa = PBXFileReference; lastKnownFileType = sourcecode.c.objc; path = CCViewController.m; sourceTree = "<group>"; };
		6F38F66F18F43BFE002E05F7 /* Images.xcassets */ = {isa = PBXFileReference; lastKnownFileType = folder.assetcatalog; path = Images.xcassets; sourceTree = "<group>"; };
		6F38F67518F43BFE002E05F7 /* UITableViewController Challenge SolutionTests.xctest */ = {isa = PBXFileReference; explicitFileType = wrapper.cfbundle; includeInIndex = 0; path = "UITableViewController Challenge SolutionTests.xctest"; sourceTree = BUILT_PRODUCTS_DIR; };
		6F38F67618F43BFE002E05F7 /* XCTest.framework */ = {isa = PBXFileReference; lastKnownFileType = wrapper.framework; name = XCTest.framework; path = Library/Frameworks/XCTest.framework; sourceTree = DEVELOPER_DIR; };
		6F38F67E18F43BFE002E05F7 /* UITableViewController Challenge SolutionTests-Info.plist */ = {isa = PBXFileReference; lastKnownFileType = text.plist.xml; path = "UITableViewController Challenge SolutionTests-Info.plist"; sourceTree = "<group>"; };
		6F38F68018F43BFE002E05F7 /* en */ = {isa = PBXFileReference; lastKnownFileType = text.plist.strings; name = en; path = en.lproj/InfoPlist.strings; sourceTree = "<group>"; };
		6F38F68218F43BFE002E05F7 /* UITableViewController_Challenge_SolutionTests.m */ = {isa = PBXFileReference; lastKnownFileType = sourcecode.c.objc; path = UITableViewController_Challenge_SolutionTests.m; sourceTree = "<group>"; };
/* End PBXFileReference section */

/* Begin PBXFrameworksBuildPhase section */
		6F38F65118F43BFE002E05F7 /* Frameworks */ = {
			isa = PBXFrameworksBuildPhase;
			buildActionMask = 2147483647;
			files = (
				6F38F65A18F43BFE002E05F7 /* CoreGraphics.framework in Frameworks */,
				6F38F65C18F43BFE002E05F7 /* UIKit.framework in Frameworks */,
				6F38F65818F43BFE002E05F7 /* Foundation.framework in Frameworks */,
			);
			runOnlyForDeploymentPostprocessing = 0;
		};
		6F38F67218F43BFE002E05F7 /* Frameworks */ = {
			isa = PBXFrameworksBuildPhase;
			buildActionMask = 2147483647;
			files = (
				6F38F67718F43BFE002E05F7 /* XCTest.framework in Frameworks */,
				6F38F67918F43BFE002E05F7 /* UIKit.framework in Frameworks */,
				6F38F67818F43BFE002E05F7 /* Foundation.framework in Frameworks */,
			);
			runOnlyForDeploymentPostprocessing = 0;
		};
/* End PBXFrameworksBuildPhase section */

/* Begin PBXGroup section */
		6F38F64B18F43BFE002E05F7 = {
			isa = PBXGroup;
			children = (
				6F38F65D18F43BFE002E05F7 /* UITableViewController Challenge Solution */,
				6F38F67C18F43BFE002E05F7 /* UITableViewController Challenge SolutionTests */,
				6F38F65618F43BFE002E05F7 /* Frameworks */,
				6F38F65518F43BFE002E05F7 /* Products */,
			);
			sourceTree = "<group>";
		};
		6F38F65518F43BFE002E05F7 /* Products */ = {
			isa = PBXGroup;
			children = (
				6F38F65418F43BFE002E05F7 /* UITableViewController Challenge Solution.app */,
				6F38F67518F43BFE002E05F7 /* UITableViewController Challenge SolutionTests.xctest */,
			);
			name = Products;
			sourceTree = "<group>";
		};
		6F38F65618F43BFE002E05F7 /* Frameworks */ = {
			isa = PBXGroup;
			children = (
				6F38F65718F43BFE002E05F7 /* Foundation.framework */,
				6F38F65918F43BFE002E05F7 /* CoreGraphics.framework */,
				6F38F65B18F43BFE002E05F7 /* UIKit.framework */,
				6F38F67618F43BFE002E05F7 /* XCTest.framework */,
			);
			name = Frameworks;
			sourceTree = "<group>";
		};
		6F38F65D18F43BFE002E05F7 /* UITableViewController Challenge Solution */ = {
			isa = PBXGroup;
			children = (
				6F38F66618F43BFE002E05F7 /* CCAppDelegate.h */,
				6F38F66718F43BFE002E05F7 /* CCAppDelegate.m */,
				6F38F66918F43BFE002E05F7 /* Main.storyboard */,
				6F38F66C18F43BFE002E05F7 /* CCViewController.h */,
				6F38F66D18F43BFE002E05F7 /* CCViewController.m */,
				6F38F66F18F43BFE002E05F7 /* Images.xcassets */,
				6F38F65E18F43BFE002E05F7 /* Supporting Files */,
			);
			path = "UITableViewController Challenge Solution";
			sourceTree = "<group>";
		};
		6F38F65E18F43BFE002E05F7 /* Supporting Files */ = {
			isa = PBXGroup;
			children = (
				6F38F65F18F43BFE002E05F7 /* UITableViewController Challenge Solution-Info.plist */,
				6F38F66018F43BFE002E05F7 /* InfoPlist.strings */,
				6F38F66318F43BFE002E05F7 /* main.m */,
				6F38F66518F43BFE002E05F7 /* UITableViewController Challenge Solution-Prefix.pch */,
			);
			name = "Supporting Files";
			sourceTree = "<group>";
		};
		6F38F67C18F43BFE002E05F7 /* UITableViewController Challenge SolutionTests */ = {
			isa = PBXGroup;
			children = (
				6F38F68218F43BFE002E05F7 /* UITableViewController_Challenge_SolutionTests.m */,
				6F38F67D18F43BFE002E05F7 /* Supporting Files */,
			);
			path = "UITableViewController Challenge SolutionTests";
			sourceTree = "<group>";
		};
		6F38F67D18F43BFE002E05F7 /* Supporting Files */ = {
			isa = PBXGroup;
			children = (
				6F38F67E18F43BFE002E05F7 /* UITableViewController Challenge SolutionTests-Info.plist */,
				6F38F67F18F43BFE002E05F7 /* InfoPlist.strings */,
			);
			name = "Supporting Files";
			sourceTree = "<group>";
		};
/* End PBXGroup section */

/* Begin PBXNativeTarget section */
		6F38F65318F43BFE002E05F7 /* UITableViewController Challenge Solution */ = {
			isa = PBXNativeTarget;
			buildConfigurationList = 6F38F68618F43BFE002E05F7 /* Build configuration list for PBXNativeTarget "UITableViewController Challenge Solution" */;
			buildPhases = (
				6F38F65018F43BFE002E05F7 /* Sources */,
				6F38F65118F43BFE002E05F7 /* Frameworks */,
				6F38F65218F43BFE002E05F7 /* Resources */,
			);
			buildRules = (
			);
			dependencies = (
			);
			name = "UITableViewController Challenge Solution";
			productName = "UITableViewController Challenge Solution";
			productReference = 6F38F65418F43BFE002E05F7 /* UITableViewController Challenge Solution.app */;
			productType = "com.apple.product-type.application";
		};
		6F38F67418F43BFE002E05F7 /* UITableViewController Challenge SolutionTests */ = {
			isa = PBXNativeTarget;
			buildConfigurationList = 6F38F68918F43BFE002E05F7 /* Build configuration list for PBXNativeTarget "UITableViewController Challenge SolutionTests" */;
			buildPhases = (
				6F38F67118F43BFE002E05F7 /* Sources */,
				6F38F67218F43BFE002E05F7 /* Frameworks */,
				6F38F67318F43BFE002E05F7 /* Resources */,
			);
			buildRules = (
			);
			dependencies = (
				6F38F67B18F43BFE002E05F7 /* PBXTargetDependency */,
			);
			name = "UITableViewController Challenge SolutionTests";
			productName = "UITableViewController Challenge SolutionTests";
			productReference = 6F38F67518F43BFE002E05F7 /* UITableViewController Challenge SolutionTests.xctest */;
			productType = "com.apple.product-type.bundle.unit-test";
		};
/* End PBXNativeTarget section */

/* Begin PBXProject section */
		6F38F64C18F43BFE002E05F7 /* Project object */ = {
			isa = PBXProject;
			attributes = {
				CLASSPREFIX = CC;
				LastUpgradeCheck = 0510;
				ORGANIZATIONNAME = "Namib Lost in Sweden";
				TargetAttributes = {
					6F38F67418F43BFE002E05F7 = {
						TestTargetID = 6F38F65318F43BFE002E05F7;
					};
				};
			};
			buildConfigurationList = 6F38F64F18F43BFE002E05F7 /* Build configuration list for PBXProject "UITableViewController Challenge Solution" */;
			compatibilityVersion = "Xcode 3.2";
			developmentRegion = English;
			hasScannedForEncodings = 0;
			knownRegions = (
				en,
				Base,
			);
			mainGroup = 6F38F64B18F43BFE002E05F7;
			productRefGroup = 6F38F65518F43BFE002E05F7 /* Products */;
			projectDirPath = "";
			projectRoot = "";
			targets = (
				6F38F65318F43BFE002E05F7 /* UITableViewController Challenge Solution */,
				6F38F67418F43BFE002E05F7 /* UITableViewController Challenge SolutionTests */,
			);
		};
/* End PBXProject section */

/* Begin PBXResourcesBuildPhase section */
		6F38F65218F43BFE002E05F7 /* Resources */ = {
			isa = PBXResourcesBuildPhase;
			buildActionMask = 2147483647;
			files = (
				6F38F67018F43BFE002E05F7 /* Images.xcassets in Resources */,
				6F38F66218F43BFE002E05F7 /* InfoPlist.strings in Resources */,
				6F38F66B18F43BFE002E05F7 /* Main.storyboard in Resources */,
			);
			runOnlyForDeploymentPostprocessing = 0;
		};
		6F38F67318F43BFE002E05F7 /* Resources */ = {
			isa = PBXResourcesBuildPhase;
			buildActionMask = 2147483647;
			files = (
				6F38F68118F43BFE002E05F7 /* InfoPlist.strings in Resources */,
			);
			runOnlyForDeploymentPostprocessing = 0;
		};
/* End PBXResourcesBuildPhase section */

/* Begin PBXSourcesBuildPhase section */
		6F38F65018F43BFE002E05F7 /* Sources */ = {
			isa = PBXSourcesBuildPhase;
			buildActionMask = 2147483647;
			files = (
				6F38F66818F43BFE002E05F7 /* CCAppDelegate.m in Sources */,
				6F38F66418F43BFE002E05F7 /* main.m in Sources */,
				6F38F66E18F43BFE002E05F7 /* CCViewController.m in Sources */,
			);
			runOnlyForDeploymentPostprocessing = 0;
		};
		6F38F67118F43BFE002E05F7 /* Sources */ = {
			isa = PBXSourcesBuildPhase;
			buildActionMask = 2147483647;
			files = (
				6F38F68318F43BFE002E05F7 /* UITableViewController_Challenge_SolutionTests.m in Sources */,
			);
			runOnlyForDeploymentPostprocessing = 0;
		};
/* End PBXSourcesBuildPhase section */

/* Begin PBXTargetDependency section */
		6F38F67B18F43BFE002E05F7 /* PBXTargetDependency */ = {
			isa = PBXTargetDependency;
			target = 6F38F65318F43BFE002E05F7 /* UITableViewController Challenge Solution */;
			targetProxy = 6F38F67A18F43BFE002E05F7 /* PBXContainerItemProxy */;
		};
/* End PBXTargetDependency section */

/* Begin PBXVariantGroup section */
		6F38F66018F43BFE002E05F7 /* InfoPlist.strings */ = {
			isa = PBXVariantGroup;
			children = (
				6F38F66118F43BFE002E05F7 /* en */,
			);
			name = InfoPlist.strings;
			sourceTree = "<group>";
		};
		6F38F66918F43BFE002E05F7 /* Main.storyboard */ = {
			isa = PBXVariantGroup;
			children = (
				6F38F66A18F43BFE002E05F7 /* Base */,
			);
			name = Main.storyboard;
			sourceTree = "<group>";
		};
		6F38F67F18F43BFE002E05F7 /* InfoPlist.strings */ = {
			isa = PBXVariantGroup;
			children = (
				6F38F68018F43BFE002E05F7 /* en */,
			);
			name = InfoPlist.strings;
			sourceTree = "<group>";
		};
/* End PBXVariantGroup section */

/* Begin XCBuildConfiguration section */
		6F38F68418F43BFE002E05F7 /* Debug */ = {
			isa = XCBuildConfiguration;
			buildSettings = {
				ALWAYS_SEARCH_USER_PATHS = NO;
				CLANG_CXX_LANGUAGE_STANDARD = "gnu++0x";
				CLANG_CXX_LIBRARY = "libc++";
				CLANG_ENABLE_MODULES = YES;
				CLANG_ENABLE_OBJC_ARC = YES;
				CLANG_WARN_BOOL_CONVERSION = YES;
				CLANG_WARN_CONSTANT_CONVERSION = YES;
				CLANG_WARN_DIRECT_OBJC_ISA_USAGE = YES_ERROR;
				CLANG_WARN_EMPTY_BODY = YES;
				CLANG_WARN_ENUM_CONVERSION = YES;
				CLANG_WARN_INT_CONVERSION = YES;
				CLANG_WARN_OBJC_ROOT_CLASS = YES_ERROR;
				CLANG_WARN__DUPLICATE_METHOD_MATCH = YES;
				"CODE_SIGN_IDENTITY[sdk=iphoneos*]" = "iPhone Developer";
				COPY_PHASE_STRIP = NO;
				GCC_C_LANGUAGE_STANDARD = gnu99;
				GCC_DYNAMIC_NO_PIC = NO;
				GCC_OPTIMIZATION_LEVEL = 0;
				GCC_PREPROCESSOR_DEFINITIONS = (
					"DEBUG=1",
					"$(inherited)",
				);
				GCC_SYMBOLS_PRIVATE_EXTERN = NO;
				GCC_WARN_64_TO_32_BIT_CONVERSION = YES;
				GCC_WARN_ABOUT_RETURN_TYPE = YES_ERROR;
				GCC_WARN_UNDECLARED_SELECTOR = YES;
				GCC_WARN_UNINITIALIZED_AUTOS = YES_AGGRESSIVE;
				GCC_WARN_UNUSED_FUNCTION = YES;
				GCC_WARN_UNUSED_VARIABLE = YES;
				IPHONEOS_DEPLOYMENT_TARGET = 7.1;
				ONLY_ACTIVE_ARCH = YES;
				SDKROOT = iphoneos;
			};
			name = Debug;
		};
		6F38F68518F43BFE002E05F7 /* Release */ = {
			isa = XCBuildConfiguration;
			buildSettings = {
				ALWAYS_SEARCH_USER_PATHS = NO;
				CLANG_CXX_LANGUAGE_STANDARD = "gnu++0x";
				CLANG_CXX_LIBRARY = "libc++";
				CLANG_ENABLE_MODULES = YES;
				CLANG_ENABLE_OBJC_ARC = YES;
				CLANG_WARN_BOOL_CONVERSION = YES;
				CLANG_WARN_CONSTANT_CONVERSION = YES;
				CLANG_WARN_DIRECT_OBJC_ISA_USAGE = YES_ERROR;
				CLANG_WARN_EMPTY_BODY = YES;
				CLANG_WARN_ENUM_CONVERSION = YES;
				CLANG_WARN_INT_CONVERSION = YES;
				CLANG_WARN_OBJC_ROOT_CLASS = YES_ERROR;
				CLANG_WARN__DUPLICATE_METHOD_MATCH = YES;
				"CODE_SIGN_IDENTITY[sdk=iphoneos*]" = "iPhone Developer";
				COPY_PHASE_STRIP = YES;
				ENABLE_NS_ASSERTIONS = NO;
				GCC_C_LANGUAGE_STANDARD = gnu99;
				GCC_WARN_64_TO_32_BIT_CONVERSION = YES;
				GCC_WARN_ABOUT_RETURN_TYPE = YES_ERROR;
				GCC_WARN_UNDECLARED_SELECTOR = YES;
				GCC_WARN_UNINITIALIZED_AUTOS = YES_AGGRESSIVE;
				GCC_WARN_UNUSED_FUNCTION = YES;
				GCC_WARN_UNUSED_VARIABLE = YES;
				IPHONEOS_DEPLOYMENT_TARGET = 7.1;
				SDKROOT = iphoneos;
				VALIDATE_PRODUCT = YES;
			};
			name = Release;
		};
		6F38F68718F43BFE002E05F7 /* Debug */ = {
			isa = XCBuildConfiguration;
			buildSettings = {
				ASSETCATALOG_COMPILER_APPICON_NAME = AppIcon;
				ASSETCATALOG_COMPILER_LAUNCHIMAGE_NAME = LaunchImage;
				GCC_PRECOMPILE_PREFIX_HEADER = YES;
				GCC_PREFIX_HEADER = "UITableViewController Challenge Solution/UITableViewController Challenge Solution-Prefix.pch";
				INFOPLIST_FILE = "UITableViewController Challenge Solution/UITableViewController Challenge Solution-Info.plist";
				PRODUCT_NAME = "$(TARGET_NAME)";
				WRAPPER_EXTENSION = app;
			};
			name = Debug;
		};
		6F38F68818F43BFE002E05F7 /* Release */ = {
			isa = XCBuildConfiguration;
			buildSettings = {
				ASSETCATALOG_COMPILER_APPICON_NAME = AppIcon;
				ASSETCATALOG_COMPILER_LAUNCHIMAGE_NAME = LaunchImage;
				GCC_PRECOMPILE_PREFIX_HEADER = YES;
				GCC_PREFIX_HEADER = "UITableViewController Challenge Solution/UITableViewController Challenge Solution-Prefix.pch";
				INFOPLIST_FILE = "UITableViewController Challenge Solution/UITableViewController Challenge Solution-Info.plist";
				PRODUCT_NAME = "$(TARGET_NAME)";
				WRAPPER_EXTENSION = app;
			};
			name = Release;
		};
		6F38F68A18F43BFE002E05F7 /* Debug */ = {
			isa = XCBuildConfiguration;
			buildSettings = {
				BUNDLE_LOADER = "$(BUILT_PRODUCTS_DIR)/UITableViewController Challenge Solution.app/UITableViewController Challenge Solution";
				FRAMEWORK_SEARCH_PATHS = (
					"$(SDKROOT)/Developer/Library/Frameworks",
					"$(inherited)",
					"$(DEVELOPER_FRAMEWORKS_DIR)",
				);
				GCC_PRECOMPILE_PREFIX_HEADER = YES;
				GCC_PREFIX_HEADER = "UITableViewController Challenge Solution/UITableViewController Challenge Solution-Prefix.pch";
				GCC_PREPROCESSOR_DEFINITIONS = (
					"DEBUG=1",
					"$(inherited)",
				);
				INFOPLIST_FILE = "UITableViewController Challenge SolutionTests/UITableViewController Challenge SolutionTests-Info.plist";
				PRODUCT_NAME = "$(TARGET_NAME)";
				TEST_HOST = "$(BUNDLE_LOADER)";
				WRAPPER_EXTENSION = xctest;
			};
			name = Debug;
		};
		6F38F68B18F43BFE002E05F7 /* Release */ = {
			isa = XCBuildConfiguration;
			buildSettings = {
				BUNDLE_LOADER = "$(BUILT_PRODUCTS_DIR)/UITableViewController Challenge Solution.app/UITableViewController Challenge Solution";
				FRAMEWORK_SEARCH_PATHS = (
					"$(SDKROOT)/Developer/Library/Frameworks",
					"$(inherited)",
					"$(DEVELOPER_FRAMEWORKS_DIR)",
				);
				GCC_PRECOMPILE_PREFIX_HEADER = YES;
				GCC_PREFIX_HEADER = "UITableViewController Challenge Solution/UITableViewController Challenge Solution-Prefix.pch";
				INFOPLIST_FILE = "UITableViewController Challenge SolutionTests/UITableViewController Challenge SolutionTests-Info.plist";
				PRODUCT_NAME = "$(TARGET_NAME)";
				TEST_HOST = "$(BUNDLE_LOADER)";
				WRAPPER_EXTENSION = xctest;
			};
			name = Release;
		};
/* End XCBuildConfiguration section */

/* Begin XCConfigurationList section */
		6F38F64F18F43BFE002E05F7 /* Build configuration list for PBXProject "UITableViewController Challenge Solution" */ = {
			isa = XCConfigurationList;
			buildConfigurations = (
				6F38F68418F43BFE002E05F7 /* Debug */,
				6F38F68518F43BFE002E05F7 /* Release */,
			);
			defaultConfigurationIsVisible = 0;
			defaultConfigurationName = Release;
		};
		6F38F68618F43BFE002E05F7 /* Build configuration list for PBXNativeTarget "UITableViewController Challenge Solution" */ = {
			isa = XCConfigurationList;
			buildConfigurations = (
				6F38F68718F43BFE002E05F7 /* Debug */,
				6F38F68818F43BFE002E05F7 /* Release */,
			);
			defaultConfigurationIsVisible = 0;
		};
		6F38F68918F43BFE002E05F7 /* Build configuration list for PBXNativeTarget "UITableViewController Challenge SolutionTests" */ = {
			isa = XCConfigurationList;
			buildConfigurations = (
				6F38F68A18F43BFE002E05F7 /* Debug */,
				6F38F68B18F43BFE002E05F7 /* Release */,
			);
			defaultConfigurationIsVisible = 0;
		};
/* End XCConfigurationList section */
	};
	rootObject = 6F38F64C18F43BFE002E05F7 /* Project object */;
}
